
Microsoft Visual Studio Solution File, Format Version 12.00
# Visual Studio Version 17
VisualStudioVersion = 17.8.34322.80
MinimumVisualStudioVersion = 10.0.40219.1
Project("{9A19103F-16F7-4668-BE54-9A1E7A4F7556}") = "ProfesorService", "ProfesorService\ProfesorService.csproj", "{1E529AA3-E01E-4F58-8DB1-698B679D7872}"
EndProject
Project("{9A19103F-16F7-4668-BE54-9A1E7A4F7556}") = "ThesisService", "ThesisService\ThesisService.csproj", "{A3A5FC83-0B91-46C3-8B23-FAEE1B1BE2A1}"
EndProject
Global
	GlobalSection(SolutionConfigurationPlatforms) = preSolution
		Debug|Any CPU = Debug|Any CPU
		Release|Any CPU = Release|Any CPU
	EndGlobalSection
	GlobalSection(ProjectConfigurationPlatforms) = postSolution
		{1E529AA3-E01E-4F58-8DB1-698B679D7872}.Debug|Any CPU.ActiveCfg = Debug|Any CPU
		{1E529AA3-E01E-4F58-8DB1-698B679D7872}.Debug|Any CPU.Build.0 = Debug|Any CPU
		{1E529AA3-E01E-4F58-8DB1-698B679D7872}.Release|Any CPU.ActiveCfg = Release|Any CPU
		{1E529AA3-E01E-4F58-8DB1-698B679D7872}.Release|Any CPU.Build.0 = Release|Any CPU
		{A3A5FC83-0B91-46C3-8B23-FAEE1B1BE2A1}.Debug|Any CPU.ActiveCfg = Debug|Any CPU
		{A3A5FC83-0B91-46C3-8B23-FAEE1B1BE2A1}.Debug|Any CPU.Build.0 = Debug|Any CPU
		{A3A5FC83-0B91-46C3-8B23-FAEE1B1BE2A1}.Release|Any CPU.ActiveCfg = Release|Any CPU
		{A3A5FC83-0B91-46C3-8B23-FAEE1B1BE2A1}.Release|Any CPU.Build.0 = Release|Any CPU
	EndGlobalSection
	GlobalSection(SolutionProperties) = preSolution
		HideSolutionNode = FALSE
	EndGlobalSection
	GlobalSection(ExtensibilityGlobals) = postSolution
		SolutionGuid = {3AB78CB7-3D0A-410F-B3E4-EFAEC5F6C997}
	EndGlobalSection
EndGlobal
